
Microsoft Visual Studio Solution File, Format Version 12.00
# Visual Studio Version 17
VisualStudioVersion = 17.4.33205.214
MinimumVisualStudioVersion = 10.0.40219.1
Project("{FAE04EC0-301F-11D3-BF4B-00C04F79EFBC}") = "Student", "Student\Student.csproj", "{ABEE9C69-CC64-4ACB-A894-6D3B3D8FC6E0}"
EndProject
Global
	GlobalSection(SolutionConfigurationPlatforms) = preSolution
		Debug|Any CPU = Debug|Any CPU
		Release|Any CPU = Release|Any CPU
	EndGlobalSection
	GlobalSection(ProjectConfigurationPlatforms) = postSolution
		{ABEE9C69-CC64-4ACB-A894-6D3B3D8FC6E0}.Debug|Any CPU.ActiveCfg = Debug|Any CPU
		{ABEE9C69-CC64-4ACB-A894-6D3B3D8FC6E0}.Debug|Any CPU.Build.0 = Debug|Any CPU
		{ABEE9C69-CC64-4ACB-A894-6D3B3D8FC6E0}.Release|Any CPU.ActiveCfg = Release|Any CPU
		{ABEE9C69-CC64-4ACB-A894-6D3B3D8FC6E0}.Release|Any CPU.Build.0 = Release|Any CPU
	EndGlobalSection
	GlobalSection(SolutionProperties) = preSolution
		HideSolutionNode = FALSE
	EndGlobalSection
	GlobalSection(ExtensibilityGlobals) = postSolution
		SolutionGuid = {25BB7FAE-F74F-4E77-908D-BDF91C3B88D3}
	EndGlobalSection
EndGlobal
